{
    "name": "node-editor",
    "version": "0.0.1",
    "lockfileVersion": 1,
    "requires": true,
    "dependencies": {
        "rete-connection-plugin": {
            "version": "0.8.1",
            "resolved": "https://registry.npmjs.org/rete-connection-plugin/-/rete-connection-plugin-0.8.1.tgz",
            "integrity": "sha512-YAJIvSk9Hbq99aPW8rmWchDrRC1lqGeWxERC9pD80OUDoDQJTCRC8QYAXlJPUeTIiPBdoReoOcWjWHoJfgglBg=="
        },
        "rete-vue-render-plugin": {
            "version": "0.4.0",
            "resolved": "https://registry.npmjs.org/rete-vue-render-plugin/-/rete-vue-render-plugin-0.4.0.tgz",
            "integrity": "sha512-61viOy/OL+A8DCOMXKtlCaGGigLjmSASuht9nUP9E4pqM7dZS/THG/Z3G1Dhkbq7EcyL2NCYoV/3jSvDfv0wmw==",
            "requires": {
                "vue": "^2.6.6"
            }
        },
        "vue": {
            "version": "2.6.10",
            "resolved": "https://registry.npmjs.org/vue/-/vue-2.6.10.tgz",
            "integrity": "sha512-ImThpeNU9HbdZL3utgMCq0oiMzAkt1mcgy3/E6zWC/G6AaQoeuFdsl9nDhTDU3X1R6FK7nsIUuRACVcjI+A2GQ=="
        }
    }
}
